<?xml version="1.0" encoding="utf-8"?>
<Project ToolsVersion="4.0" xmlns="http://schemas.microsoft.com/developer/msbuild/2003">
  <ItemGroup>
    <Filter Include="Source Files">
      <UniqueIdentifier>{d92fc5b1-2a7d-46ec-be49-cb637ccbe9ed}</UniqueIdentifier>
      <Extensions>cpp</Extensions>
    </Filter>
    <Filter Include="Header Files">
      <UniqueIdentifier>{995d793e-e86e-4cf5-8dad-a3dc8c7e4ce5}</UniqueIdentifier>
      <Extensions>h</Extensions>
    </Filter>
    <Filter Include="Miscellaneous Files">
      <UniqueIdentifier>{67f49101-b344-4aaf-ba5a-c0a6a734edd9}</UniqueIdentifier>
      <Extensions>txt</Extensions>
    </Filter>
  </ItemGroup>
  <ItemGroup>
    <ClCompile Include="pluginMain.cpp">
      <Filter>Source Files</Filter>
    </ClCompile>
    <ClCompile Include="stretchMeshCmd.cpp">
      <Filter>Source Files</Filter>
    </ClCompile>
    <ClCompile Include="stretchMeshDeformer.cpp">
      <Filter>Source Files</Filter>
    </ClCompile>
    <ClCompile Include="curveColliderLocator.cpp">
      <Filter>Source Files</Filter>
    </ClCompile>
  </ItemGroup>
  <ItemGroup>
    <Text Include="Options.txt">
      <Filter>Miscellaneous Files</Filter>
    </Text>
    <Text Include="ReadMe.txt">
      <Filter>Miscellaneous Files</Filter>
    </Text>
  </ItemGroup>
  <ItemGroup>
    <ClInclude Include="curveColliderLocator.h">
      <Filter>Header Files</Filter>
    </ClInclude>
    <ClInclude Include="IncludeMFnPluginClass.h">
      <Filter>Header Files</Filter>
    </ClInclude>
    <ClInclude Include="ksUtils.h">
      <Filter>Header Files</Filter>
    </ClInclude>
    <ClInclude Include="stretchMeshCmd.h">
      <Filter>Header Files</Filter>
    </ClInclude>
    <ClInclude Include="stretchMeshConsts.h">
      <Filter>Header Files</Filter>
    </ClInclude>
    <ClInclude Include="stretchMeshDeformer.h">
      <Filter>Header Files</Filter>
    </ClInclude>
    <ClInclude Include="CRSpline.h">
      <Filter>Header Files</Filter>
    </ClInclude>
  </ItemGroup>
</Project>